<?xml version="1.0" encoding="UTF-8" standalone="yes" ?>
<CodeBlocks_project_file>
	<FileVersion major="1" minor="6" />
	<Project>
		<Option title="testMLP" />
		<Option pch_mode="2" />
		<Option compiler="gcc" />
		<Build>
			<Target title="Debug">
				<Option output="bin/Debug/testMLP" prefix_auto="1" extension_auto="1" />
				<Option object_output="obj/Debug/" />
				<Option type="1" />
				<Option compiler="gcc" />
				<Compiler>
					<Add option="-g" />
				</Compiler>
				<Linker>
					<Add directory="bin/Debug" />
				</Linker>
			</Target>
			<Target title="Release">
				<Option output="bin/Release/testMLP" prefix_auto="1" extension_auto="1" />
				<Option object_output="obj/Release/" />
				<Option type="1" />
				<Option compiler="gcc" />
				<Compiler>
					<Add option="-O2" />
				</Compiler>
				<Linker>
					<Add option="-s" />
					<Add directory="bin/Release" />
				</Linker>
			</Target>
		</Build>
		<Compiler>
			<Add option="-Wall" />
			<Add directory="libMLP/include" />
			<Add directory="mlpDataProviders/include" />
			<Add directory="/opt/AMDAPP/include" />
			<Add directory="/opt/clAmdBlas/include" />
		</Compiler>
		<Linker>
			<Add library="clAmdBlas" />
			<Add library="OpenCL" />
			<Add library="MLP" />
			<Add library="mlpDataProviders" />
			<Add directory="bin/Release" />
			<Add directory="/opt/clAmdBlas/lib64" />
		</Linker>
		<Unit filename="testMLP/iflytek_test.cpp" />
		<Unit filename="testMLP/mnist_test.cpp" />
		<Unit filename="testMLP/ptc_ch_test.cpp" />
		<Unit filename="testMLP/ptc_digital_test.cpp" />
		<Unit filename="testMLP/ptc_en_test.cpp" />
		<Unit filename="testMLP/ptc_symbol_test.cpp" />
		<Unit filename="testMLP/simple_test.cpp" />
		<Unit filename="testMLP/test_main.cpp" />
		<Unit filename="testMLP/vlp_ch_test.cpp" />
		<Extensions>
			<code_completion />
			<debugger />
		</Extensions>
	</Project>
</CodeBlocks_project_file>
